
Microsoft Visual Studio Solution File, Format Version 12.00
# Visual Studio Version 17
VisualStudioVersion = 17.0.31903.59
MinimumVisualStudioVersion = 10.0.40219.1
Project("{2150E333-8FDC-42A3-9474-1A3956D46DE8}") = "src", "src", "{827E0CD3-B72D-47B6-A68D-7590B98EB39B}"
EndProject
Project("{FAE04EC0-301F-11D3-BF4B-00C04F79EFBC}") = "Shared", "src\Shared\Shared.csproj", "{89A3C445-3C48-4882-9EAB-44A94B6A078B}"
EndProject
Project("{FAE04EC0-301F-11D3-BF4B-00C04F79EFBC}") = "Api", "src\Api\Api.csproj", "{F5B92B6F-9E04-4CD0-9424-B6EA323CF10B}"
EndProject
Project("{FAE04EC0-301F-11D3-BF4B-00C04F79EFBC}") = "ArchitectureTests", "tests\ArchitectureTests\ArchitectureTests.csproj", "{A647D9B4-EEE1-4AC9-8906-49B3B34CBF42}"
EndProject
Project("{2150E333-8FDC-42A3-9474-1A3956D46DE8}") = "tests", "tests", "{0AB3BF05-4346-4AA6-1389-037BE0695223}"
EndProject
Project("{FAE04EC0-301F-11D3-BF4B-00C04F79EFBC}") = "ComponentSchemaTests", "tests\ComponentSchemaTests\ComponentSchemaTests.csproj", "{5394F433-4C0F-4AA6-B8EB-7B595D2AB1DA}"
EndProject
Project("{2150E333-8FDC-42A3-9474-1A3956D46DE8}") = "Modules", "Modules", "{EC447DCF-ABFA-6E24-52A5-D7FD48A5C558}"
EndProject
Project("{2150E333-8FDC-42A3-9474-1A3956D46DE8}") = "Identity", "Identity", "{0EC62A1A-9858-3A60-8A0C-FC9AACFA2EC7}"
EndProject
Project("{FAE04EC0-301F-11D3-BF4B-00C04F79EFBC}") = "Identity.Domain", "src\Modules\Identity\Identity.Domain\Identity.Domain.csproj", "{B0E14793-5E97-4DC1-9FA9-750460FCD5DF}"
EndProject
Project("{FAE04EC0-301F-11D3-BF4B-00C04F79EFBC}") = "Identity.Infrastructure", "src\Modules\Identity\Identity.Infrastructure\Identity.Infrastructure.csproj", "{DC48E148-7CF5-44F8-A2AD-26C3CB4A57A2}"
EndProject
Project("{FAE04EC0-301F-11D3-BF4B-00C04F79EFBC}") = "Identity.IntegrationTests", "tests\Identity.IntegrationTests\Identity.IntegrationTests.csproj", "{C139B52A-1E5A-4D21-80F0-B3AA95AEEDEC}"
EndProject
Project("{FAE04EC0-301F-11D3-BF4B-00C04F79EFBC}") = "Shared.Persistence", "src\Shared.Persistence\Shared.Persistence.csproj", "{646DEE5D-1E3E-4A62-93DF-3491DA9403A4}"
EndProject
Global
	GlobalSection(SolutionConfigurationPlatforms) = preSolution
		Debug|Any CPU = Debug|Any CPU
		Debug|x64 = Debug|x64
		Debug|x86 = Debug|x86
		Release|Any CPU = Release|Any CPU
		Release|x64 = Release|x64
		Release|x86 = Release|x86
	EndGlobalSection
	GlobalSection(ProjectConfigurationPlatforms) = postSolution
		{89A3C445-3C48-4882-9EAB-44A94B6A078B}.Debug|Any CPU.ActiveCfg = Debug|Any CPU
		{89A3C445-3C48-4882-9EAB-44A94B6A078B}.Debug|Any CPU.Build.0 = Debug|Any CPU
		{89A3C445-3C48-4882-9EAB-44A94B6A078B}.Debug|x64.ActiveCfg = Debug|Any CPU
		{89A3C445-3C48-4882-9EAB-44A94B6A078B}.Debug|x64.Build.0 = Debug|Any CPU
		{89A3C445-3C48-4882-9EAB-44A94B6A078B}.Debug|x86.ActiveCfg = Debug|Any CPU
		{89A3C445-3C48-4882-9EAB-44A94B6A078B}.Debug|x86.Build.0 = Debug|Any CPU
		{89A3C445-3C48-4882-9EAB-44A94B6A078B}.Release|Any CPU.ActiveCfg = Release|Any CPU
		{89A3C445-3C48-4882-9EAB-44A94B6A078B}.Release|Any CPU.Build.0 = Release|Any CPU
		{89A3C445-3C48-4882-9EAB-44A94B6A078B}.Release|x64.ActiveCfg = Release|Any CPU
		{89A3C445-3C48-4882-9EAB-44A94B6A078B}.Release|x64.Build.0 = Release|Any CPU
		{89A3C445-3C48-4882-9EAB-44A94B6A078B}.Release|x86.ActiveCfg = Release|Any CPU
		{89A3C445-3C48-4882-9EAB-44A94B6A078B}.Release|x86.Build.0 = Release|Any CPU
		{F5B92B6F-9E04-4CD0-9424-B6EA323CF10B}.Debug|Any CPU.ActiveCfg = Debug|Any CPU
		{F5B92B6F-9E04-4CD0-9424-B6EA323CF10B}.Debug|Any CPU.Build.0 = Debug|Any CPU
		{F5B92B6F-9E04-4CD0-9424-B6EA323CF10B}.Debug|x64.ActiveCfg = Debug|Any CPU
		{F5B92B6F-9E04-4CD0-9424-B6EA323CF10B}.Debug|x64.Build.0 = Debug|Any CPU
		{F5B92B6F-9E04-4CD0-9424-B6EA323CF10B}.Debug|x86.ActiveCfg = Debug|Any CPU
		{F5B92B6F-9E04-4CD0-9424-B6EA323CF10B}.Debug|x86.Build.0 = Debug|Any CPU
		{F5B92B6F-9E04-4CD0-9424-B6EA323CF10B}.Release|Any CPU.ActiveCfg = Release|Any CPU
		{F5B92B6F-9E04-4CD0-9424-B6EA323CF10B}.Release|Any CPU.Build.0 = Release|Any CPU
		{F5B92B6F-9E04-4CD0-9424-B6EA323CF10B}.Release|x64.ActiveCfg = Release|Any CPU
		{F5B92B6F-9E04-4CD0-9424-B6EA323CF10B}.Release|x64.Build.0 = Release|Any CPU
		{F5B92B6F-9E04-4CD0-9424-B6EA323CF10B}.Release|x86.ActiveCfg = Release|Any CPU
		{F5B92B6F-9E04-4CD0-9424-B6EA323CF10B}.Release|x86.Build.0 = Release|Any CPU
		{A647D9B4-EEE1-4AC9-8906-49B3B34CBF42}.Debug|Any CPU.ActiveCfg = Debug|Any CPU
		{A647D9B4-EEE1-4AC9-8906-49B3B34CBF42}.Debug|Any CPU.Build.0 = Debug|Any CPU
		{A647D9B4-EEE1-4AC9-8906-49B3B34CBF42}.Debug|x64.ActiveCfg = Debug|Any CPU
		{A647D9B4-EEE1-4AC9-8906-49B3B34CBF42}.Debug|x64.Build.0 = Debug|Any CPU
		{A647D9B4-EEE1-4AC9-8906-49B3B34CBF42}.Debug|x86.ActiveCfg = Debug|Any CPU
		{A647D9B4-EEE1-4AC9-8906-49B3B34CBF42}.Debug|x86.Build.0 = Debug|Any CPU
		{A647D9B4-EEE1-4AC9-8906-49B3B34CBF42}.Release|Any CPU.ActiveCfg = Release|Any CPU
		{A647D9B4-EEE1-4AC9-8906-49B3B34CBF42}.Release|Any CPU.Build.0 = Release|Any CPU
		{A647D9B4-EEE1-4AC9-8906-49B3B34CBF42}.Release|x64.ActiveCfg = Release|Any CPU
		{A647D9B4-EEE1-4AC9-8906-49B3B34CBF42}.Release|x64.Build.0 = Release|Any CPU
		{A647D9B4-EEE1-4AC9-8906-49B3B34CBF42}.Release|x86.ActiveCfg = Release|Any CPU
		{A647D9B4-EEE1-4AC9-8906-49B3B34CBF42}.Release|x86.Build.0 = Release|Any CPU
		{5394F433-4C0F-4AA6-B8EB-7B595D2AB1DA}.Debug|Any CPU.ActiveCfg = Debug|Any CPU
		{5394F433-4C0F-4AA6-B8EB-7B595D2AB1DA}.Debug|Any CPU.Build.0 = Debug|Any CPU
		{5394F433-4C0F-4AA6-B8EB-7B595D2AB1DA}.Debug|x64.ActiveCfg = Debug|Any CPU
		{5394F433-4C0F-4AA6-B8EB-7B595D2AB1DA}.Debug|x64.Build.0 = Debug|Any CPU
		{5394F433-4C0F-4AA6-B8EB-7B595D2AB1DA}.Debug|x86.ActiveCfg = Debug|Any CPU
		{5394F433-4C0F-4AA6-B8EB-7B595D2AB1DA}.Debug|x86.Build.0 = Debug|Any CPU
		{5394F433-4C0F-4AA6-B8EB-7B595D2AB1DA}.Release|Any CPU.ActiveCfg = Release|Any CPU
		{5394F433-4C0F-4AA6-B8EB-7B595D2AB1DA}.Release|Any CPU.Build.0 = Release|Any CPU
		{5394F433-4C0F-4AA6-B8EB-7B595D2AB1DA}.Release|x64.ActiveCfg = Release|Any CPU
		{5394F433-4C0F-4AA6-B8EB-7B595D2AB1DA}.Release|x64.Build.0 = Release|Any CPU
		{5394F433-4C0F-4AA6-B8EB-7B595D2AB1DA}.Release|x86.ActiveCfg = Release|Any CPU
		{5394F433-4C0F-4AA6-B8EB-7B595D2AB1DA}.Release|x86.Build.0 = Release|Any CPU
		{B0E14793-5E97-4DC1-9FA9-750460FCD5DF}.Debug|Any CPU.ActiveCfg = Debug|Any CPU
		{B0E14793-5E97-4DC1-9FA9-750460FCD5DF}.Debug|Any CPU.Build.0 = Debug|Any CPU
		{B0E14793-5E97-4DC1-9FA9-750460FCD5DF}.Debug|x64.ActiveCfg = Debug|Any CPU
		{B0E14793-5E97-4DC1-9FA9-750460FCD5DF}.Debug|x64.Build.0 = Debug|Any CPU
		{B0E14793-5E97-4DC1-9FA9-750460FCD5DF}.Debug|x86.ActiveCfg = Debug|Any CPU
		{B0E14793-5E97-4DC1-9FA9-750460FCD5DF}.Debug|x86.Build.0 = Debug|Any CPU
		{B0E14793-5E97-4DC1-9FA9-750460FCD5DF}.Release|Any CPU.ActiveCfg = Release|Any CPU
		{B0E14793-5E97-4DC1-9FA9-750460FCD5DF}.Release|Any CPU.Build.0 = Release|Any CPU
		{B0E14793-5E97-4DC1-9FA9-750460FCD5DF}.Release|x64.ActiveCfg = Release|Any CPU
		{B0E14793-5E97-4DC1-9FA9-750460FCD5DF}.Release|x64.Build.0 = Release|Any CPU
		{B0E14793-5E97-4DC1-9FA9-750460FCD5DF}.Release|x86.ActiveCfg = Release|Any CPU
		{B0E14793-5E97-4DC1-9FA9-750460FCD5DF}.Release|x86.Build.0 = Release|Any CPU
		{DC48E148-7CF5-44F8-A2AD-26C3CB4A57A2}.Debug|Any CPU.ActiveCfg = Debug|Any CPU
		{DC48E148-7CF5-44F8-A2AD-26C3CB4A57A2}.Debug|Any CPU.Build.0 = Debug|Any CPU
		{DC48E148-7CF5-44F8-A2AD-26C3CB4A57A2}.Debug|x64.ActiveCfg = Debug|Any CPU
		{DC48E148-7CF5-44F8-A2AD-26C3CB4A57A2}.Debug|x64.Build.0 = Debug|Any CPU
		{DC48E148-7CF5-44F8-A2AD-26C3CB4A57A2}.Debug|x86.ActiveCfg = Debug|Any CPU
		{DC48E148-7CF5-44F8-A2AD-26C3CB4A57A2}.Debug|x86.Build.0 = Debug|Any CPU
		{DC48E148-7CF5-44F8-A2AD-26C3CB4A57A2}.Release|Any CPU.ActiveCfg = Release|Any CPU
		{DC48E148-7CF5-44F8-A2AD-26C3CB4A57A2}.Release|Any CPU.Build.0 = Release|Any CPU
		{DC48E148-7CF5-44F8-A2AD-26C3CB4A57A2}.Release|x64.ActiveCfg = Release|Any CPU
		{DC48E148-7CF5-44F8-A2AD-26C3CB4A57A2}.Release|x64.Build.0 = Release|Any CPU
		{DC48E148-7CF5-44F8-A2AD-26C3CB4A57A2}.Release|x86.ActiveCfg = Release|Any CPU
		{DC48E148-7CF5-44F8-A2AD-26C3CB4A57A2}.Release|x86.Build.0 = Release|Any CPU
		{C139B52A-1E5A-4D21-80F0-B3AA95AEEDEC}.Debug|Any CPU.ActiveCfg = Debug|Any CPU
		{C139B52A-1E5A-4D21-80F0-B3AA95AEEDEC}.Debug|Any CPU.Build.0 = Debug|Any CPU
		{C139B52A-1E5A-4D21-80F0-B3AA95AEEDEC}.Debug|x64.ActiveCfg = Debug|Any CPU
		{C139B52A-1E5A-4D21-80F0-B3AA95AEEDEC}.Debug|x64.Build.0 = Debug|Any CPU
		{C139B52A-1E5A-4D21-80F0-B3AA95AEEDEC}.Debug|x86.ActiveCfg = Debug|Any CPU
		{C139B52A-1E5A-4D21-80F0-B3AA95AEEDEC}.Debug|x86.Build.0 = Debug|Any CPU
		{C139B52A-1E5A-4D21-80F0-B3AA95AEEDEC}.Release|Any CPU.ActiveCfg = Release|Any CPU
		{C139B52A-1E5A-4D21-80F0-B3AA95AEEDEC}.Release|Any CPU.Build.0 = Release|Any CPU
		{C139B52A-1E5A-4D21-80F0-B3AA95AEEDEC}.Release|x64.ActiveCfg = Release|Any CPU
		{C139B52A-1E5A-4D21-80F0-B3AA95AEEDEC}.Release|x64.Build.0 = Release|Any CPU
		{C139B52A-1E5A-4D21-80F0-B3AA95AEEDEC}.Release|x86.ActiveCfg = Release|Any CPU
		{C139B52A-1E5A-4D21-80F0-B3AA95AEEDEC}.Release|x86.Build.0 = Release|Any CPU
		{646DEE5D-1E3E-4A62-93DF-3491DA9403A4}.Debug|Any CPU.ActiveCfg = Debug|Any CPU
		{646DEE5D-1E3E-4A62-93DF-3491DA9403A4}.Debug|Any CPU.Build.0 = Debug|Any CPU
		{646DEE5D-1E3E-4A62-93DF-3491DA9403A4}.Debug|x64.ActiveCfg = Debug|Any CPU
		{646DEE5D-1E3E-4A62-93DF-3491DA9403A4}.Debug|x64.Build.0 = Debug|Any CPU
		{646DEE5D-1E3E-4A62-93DF-3491DA9403A4}.Debug|x86.ActiveCfg = Debug|Any CPU
		{646DEE5D-1E3E-4A62-93DF-3491DA9403A4}.Debug|x86.Build.0 = Debug|Any CPU
		{646DEE5D-1E3E-4A62-93DF-3491DA9403A4}.Release|Any CPU.ActiveCfg = Release|Any CPU
		{646DEE5D-1E3E-4A62-93DF-3491DA9403A4}.Release|Any CPU.Build.0 = Release|Any CPU
		{646DEE5D-1E3E-4A62-93DF-3491DA9403A4}.Release|x64.ActiveCfg = Release|Any CPU
		{646DEE5D-1E3E-4A62-93DF-3491DA9403A4}.Release|x64.Build.0 = Release|Any CPU
		{646DEE5D-1E3E-4A62-93DF-3491DA9403A4}.Release|x86.ActiveCfg = Release|Any CPU
		{646DEE5D-1E3E-4A62-93DF-3491DA9403A4}.Release|x86.Build.0 = Release|Any CPU
	EndGlobalSection
	GlobalSection(SolutionProperties) = preSolution
		HideSolutionNode = FALSE
	EndGlobalSection
	GlobalSection(NestedProjects) = preSolution
		{89A3C445-3C48-4882-9EAB-44A94B6A078B} = {827E0CD3-B72D-47B6-A68D-7590B98EB39B}
		{F5B92B6F-9E04-4CD0-9424-B6EA323CF10B} = {827E0CD3-B72D-47B6-A68D-7590B98EB39B}
		{A647D9B4-EEE1-4AC9-8906-49B3B34CBF42} = {827E0CD3-B72D-47B6-A68D-7590B98EB39B}
		{5394F433-4C0F-4AA6-B8EB-7B595D2AB1DA} = {0AB3BF05-4346-4AA6-1389-037BE0695223}
		{EC447DCF-ABFA-6E24-52A5-D7FD48A5C558} = {827E0CD3-B72D-47B6-A68D-7590B98EB39B}
		{0EC62A1A-9858-3A60-8A0C-FC9AACFA2EC7} = {EC447DCF-ABFA-6E24-52A5-D7FD48A5C558}
		{B0E14793-5E97-4DC1-9FA9-750460FCD5DF} = {0EC62A1A-9858-3A60-8A0C-FC9AACFA2EC7}
		{DC48E148-7CF5-44F8-A2AD-26C3CB4A57A2} = {0EC62A1A-9858-3A60-8A0C-FC9AACFA2EC7}
		{C139B52A-1E5A-4D21-80F0-B3AA95AEEDEC} = {0AB3BF05-4346-4AA6-1389-037BE0695223}
		{646DEE5D-1E3E-4A62-93DF-3491DA9403A4} = {827E0CD3-B72D-47B6-A68D-7590B98EB39B}
	EndGlobalSection
EndGlobal
