{
  "identity.v1.json": {
    "sha256": "b73a5ab9aeb49881c7421f3a6784d2508ce00f5b643f02e220f4ebb2ee381a45",
    "approvedAt": "2026-10-09T07:16:15.827Z",
    "approvedBy": "VietLuong Pham",
    "taskId": "REFACTOR-API-001"
  },
  "shop.v1.json": {
    "sha256": "b26c7b6c9e56e89b648df5fabda399ad76ff625784ff77d8ad0fa69943a8a3ef",
    "approvedAt": "2026-10-09T07:16:15.836Z",
    "approvedBy": "VietLuong Pham",
    "taskId": "REFACTOR-API-001"
  },
  "media.v1.json": {
    "sha256": "b0e9fbd6066fd3c0eeeb64e156304c20b8ed74cdc049c39d587ba296e98cda02",
    "approvedAt": "2026-10-09T07:16:15.838Z",
    "approvedBy": "VietLuong Pham",
    "taskId": "REFACTOR-API-001"
  }
}
