{
  "identity.v1.json": {
    "sha256": "77e1e507ee9cb5674a060cfd1140099b117d6b3789f3ecdcc81e0f9d3b59c92c",
    "approvedAt": "2026-09-14T09:01:23.470Z",
    "approvedBy": "human",
    "taskId": "SHOP-001"
  },
  "shop.v1.json": {
    "sha256": "aa88da74fa557bfd2e8d9ff0c95262d7483607718ac834129626ee4a09f83032",
    "approvedAt": "2026-09-29T15:01:00.035Z",
    "approvedBy": "VietLuong Pham",
    "taskId": "MEDIA-001-D4"
  },
  "media.v1.json": {
    "sha256": "4ac4d8be8bec410b3e51cd7275c6f0ba31425abb7f675369d108274bca9fad02",
    "approvedAt": "2026-09-29T08:18:08.710Z",
    "approvedBy": "VietLuong Pham",
    "taskId": "MEDIA-001-D3"
  }
}
